
Microsoft Visual Studio Solution File, Format Version 12.00
# Visual Studio Version 16
VisualStudioVersion = 16.0.29806.167
MinimumVisualStudioVersion = 10.0.40219.1
Project("{FAE04EC0-301F-11D3-BF4B-00C04F79EFBC}") = "Engine", "Engine\Engine.csproj", "{95C0BA16-214B-429C-8BE1-27B6ED286C3F}"
	ProjectSection(ProjectDependencies) = postProject
		{DB83A30C-071E-410E-B693-0FF47CEE4BA8} = {DB83A30C-071E-410E-B693-0FF47CEE4BA8}
	EndProjectSection
EndProject
Project("{FAE04EC0-301F-11D3-BF4B-00C04F79EFBC}") = "SimulatorUI", "Simulator\SimulatorUI.csproj", "{45E1BA5C-307D-44CE-A23F-5EF620EC89ED}"
	ProjectSection(ProjectDependencies) = postProject
		{DB83A30C-071E-410E-B693-0FF47CEE4BA8} = {DB83A30C-071E-410E-B693-0FF47CEE4BA8}
		{95C0BA16-214B-429C-8BE1-27B6ED286C3F} = {95C0BA16-214B-429C-8BE1-27B6ED286C3F}
	EndProjectSection
EndProject
Project("{FAE04EC0-301F-11D3-BF4B-00C04F79EFBC}") = "Observer", "Observer\Observer.csproj", "{DB83A30C-071E-410E-B693-0FF47CEE4BA8}"
EndProject
Project("{FAE04EC0-301F-11D3-BF4B-00C04F79EFBC}") = "gl_font", "basicfont\gl_font.csproj", "{75AFEE27-E96E-422C-92B9-F743B1AABC7A}"
EndProject
Project("{FAE04EC0-301F-11D3-BF4B-00C04F79EFBC}") = "utilities", "utilities\utilities.csproj", "{F024422F-19A4-4987-9672-12849566B5E3}"
EndProject
Project("{FAE04EC0-301F-11D3-BF4B-00C04F79EFBC}") = "OpenGLControlModded", "utilities\OpenGLControlModded\OpenGLControlModded.csproj", "{C51323FB-26CE-4BDF-A1B9-B9EC9E7FCCDB}"
EndProject
Project("{FAE04EC0-301F-11D3-BF4B-00C04F79EFBC}") = "ShaderTest", "ShaderTest\ShaderTest.csproj", "{D9274B47-0F2E-4FF1-87FA-C75C37AD772D}"
EndProject
Project("{FAE04EC0-301F-11D3-BF4B-00C04F79EFBC}") = "testbed_main", "testbed_main\testbed_main.csproj", "{84166F89-1CD5-4BA7-AF52-89BFA53CE108}"
EndProject
Global
	GlobalSection(SolutionConfigurationPlatforms) = preSolution
		Debug|Any CPU = Debug|Any CPU
		Debug|x64 = Debug|x64
		Debug|x86 = Debug|x86
		Release|Any CPU = Release|Any CPU
		Release|x64 = Release|x64
		Release|x86 = Release|x86
	EndGlobalSection
	GlobalSection(ProjectConfigurationPlatforms) = postSolution
		{95C0BA16-214B-429C-8BE1-27B6ED286C3F}.Debug|Any CPU.ActiveCfg = Debug|x86
		{95C0BA16-214B-429C-8BE1-27B6ED286C3F}.Debug|x64.ActiveCfg = Debug|x64
		{95C0BA16-214B-429C-8BE1-27B6ED286C3F}.Debug|x64.Build.0 = Debug|x64
		{95C0BA16-214B-429C-8BE1-27B6ED286C3F}.Debug|x86.ActiveCfg = Debug|x86
		{95C0BA16-214B-429C-8BE1-27B6ED286C3F}.Debug|x86.Build.0 = Debug|x86
		{95C0BA16-214B-429C-8BE1-27B6ED286C3F}.Release|Any CPU.ActiveCfg = Release|x86
		{95C0BA16-214B-429C-8BE1-27B6ED286C3F}.Release|x64.ActiveCfg = Release|x64
		{95C0BA16-214B-429C-8BE1-27B6ED286C3F}.Release|x64.Build.0 = Release|x64
		{95C0BA16-214B-429C-8BE1-27B6ED286C3F}.Release|x86.ActiveCfg = Release|x86
		{95C0BA16-214B-429C-8BE1-27B6ED286C3F}.Release|x86.Build.0 = Release|x86
		{45E1BA5C-307D-44CE-A23F-5EF620EC89ED}.Debug|Any CPU.ActiveCfg = Debug|x86
		{45E1BA5C-307D-44CE-A23F-5EF620EC89ED}.Debug|x64.ActiveCfg = Debug|x64
		{45E1BA5C-307D-44CE-A23F-5EF620EC89ED}.Debug|x64.Build.0 = Debug|x64
		{45E1BA5C-307D-44CE-A23F-5EF620EC89ED}.Debug|x86.ActiveCfg = Debug|x86
		{45E1BA5C-307D-44CE-A23F-5EF620EC89ED}.Debug|x86.Build.0 = Debug|x86
		{45E1BA5C-307D-44CE-A23F-5EF620EC89ED}.Release|Any CPU.ActiveCfg = Release|x86
		{45E1BA5C-307D-44CE-A23F-5EF620EC89ED}.Release|x64.ActiveCfg = Release|x64
		{45E1BA5C-307D-44CE-A23F-5EF620EC89ED}.Release|x64.Build.0 = Release|x64
		{45E1BA5C-307D-44CE-A23F-5EF620EC89ED}.Release|x86.ActiveCfg = Release|x86
		{45E1BA5C-307D-44CE-A23F-5EF620EC89ED}.Release|x86.Build.0 = Release|x86
		{DB83A30C-071E-410E-B693-0FF47CEE4BA8}.Debug|Any CPU.ActiveCfg = Debug|x86
		{DB83A30C-071E-410E-B693-0FF47CEE4BA8}.Debug|x64.ActiveCfg = Debug|x64
		{DB83A30C-071E-410E-B693-0FF47CEE4BA8}.Debug|x64.Build.0 = Debug|x64
		{DB83A30C-071E-410E-B693-0FF47CEE4BA8}.Debug|x86.ActiveCfg = Debug|x86
		{DB83A30C-071E-410E-B693-0FF47CEE4BA8}.Debug|x86.Build.0 = Debug|x86
		{DB83A30C-071E-410E-B693-0FF47CEE4BA8}.Release|Any CPU.ActiveCfg = Release|x86
		{DB83A30C-071E-410E-B693-0FF47CEE4BA8}.Release|x64.ActiveCfg = Release|x64
		{DB83A30C-071E-410E-B693-0FF47CEE4BA8}.Release|x64.Build.0 = Release|x64
		{DB83A30C-071E-410E-B693-0FF47CEE4BA8}.Release|x86.ActiveCfg = Release|x86
		{DB83A30C-071E-410E-B693-0FF47CEE4BA8}.Release|x86.Build.0 = Release|x86
		{75AFEE27-E96E-422C-92B9-F743B1AABC7A}.Debug|Any CPU.ActiveCfg = Debug|x86
		{75AFEE27-E96E-422C-92B9-F743B1AABC7A}.Debug|x64.ActiveCfg = Debug|x64
		{75AFEE27-E96E-422C-92B9-F743B1AABC7A}.Debug|x64.Build.0 = Debug|x64
		{75AFEE27-E96E-422C-92B9-F743B1AABC7A}.Debug|x86.ActiveCfg = Debug|x86
		{75AFEE27-E96E-422C-92B9-F743B1AABC7A}.Debug|x86.Build.0 = Debug|x86
		{75AFEE27-E96E-422C-92B9-F743B1AABC7A}.Release|Any CPU.ActiveCfg = Release|x86
		{75AFEE27-E96E-422C-92B9-F743B1AABC7A}.Release|x64.ActiveCfg = Release|x64
		{75AFEE27-E96E-422C-92B9-F743B1AABC7A}.Release|x64.Build.0 = Release|x64
		{75AFEE27-E96E-422C-92B9-F743B1AABC7A}.Release|x86.ActiveCfg = Release|x86
		{75AFEE27-E96E-422C-92B9-F743B1AABC7A}.Release|x86.Build.0 = Release|x86
		{F024422F-19A4-4987-9672-12849566B5E3}.Debug|Any CPU.ActiveCfg = Debug|x86
		{F024422F-19A4-4987-9672-12849566B5E3}.Debug|x64.ActiveCfg = Debug|x64
		{F024422F-19A4-4987-9672-12849566B5E3}.Debug|x64.Build.0 = Debug|x64
		{F024422F-19A4-4987-9672-12849566B5E3}.Debug|x86.ActiveCfg = Debug|x86
		{F024422F-19A4-4987-9672-12849566B5E3}.Debug|x86.Build.0 = Debug|x86
		{F024422F-19A4-4987-9672-12849566B5E3}.Release|Any CPU.ActiveCfg = Release|x86
		{F024422F-19A4-4987-9672-12849566B5E3}.Release|x64.ActiveCfg = Release|x64
		{F024422F-19A4-4987-9672-12849566B5E3}.Release|x64.Build.0 = Release|x64
		{F024422F-19A4-4987-9672-12849566B5E3}.Release|x86.ActiveCfg = Release|x86
		{F024422F-19A4-4987-9672-12849566B5E3}.Release|x86.Build.0 = Release|x86
		{C51323FB-26CE-4BDF-A1B9-B9EC9E7FCCDB}.Debug|Any CPU.ActiveCfg = Debug|x86
		{C51323FB-26CE-4BDF-A1B9-B9EC9E7FCCDB}.Debug|x64.ActiveCfg = Debug|x64
		{C51323FB-26CE-4BDF-A1B9-B9EC9E7FCCDB}.Debug|x64.Build.0 = Debug|x64
		{C51323FB-26CE-4BDF-A1B9-B9EC9E7FCCDB}.Debug|x86.ActiveCfg = Debug|x86
		{C51323FB-26CE-4BDF-A1B9-B9EC9E7FCCDB}.Debug|x86.Build.0 = Debug|x86
		{C51323FB-26CE-4BDF-A1B9-B9EC9E7FCCDB}.Release|Any CPU.ActiveCfg = Release|x86
		{C51323FB-26CE-4BDF-A1B9-B9EC9E7FCCDB}.Release|x64.ActiveCfg = Release|x64
		{C51323FB-26CE-4BDF-A1B9-B9EC9E7FCCDB}.Release|x64.Build.0 = Release|x64
		{C51323FB-26CE-4BDF-A1B9-B9EC9E7FCCDB}.Release|x86.ActiveCfg = Release|x86
		{C51323FB-26CE-4BDF-A1B9-B9EC9E7FCCDB}.Release|x86.Build.0 = Release|x86
		{D9274B47-0F2E-4FF1-87FA-C75C37AD772D}.Debug|Any CPU.ActiveCfg = Debug|x86
		{D9274B47-0F2E-4FF1-87FA-C75C37AD772D}.Debug|x64.ActiveCfg = Debug|x64
		{D9274B47-0F2E-4FF1-87FA-C75C37AD772D}.Debug|x64.Build.0 = Debug|x64
		{D9274B47-0F2E-4FF1-87FA-C75C37AD772D}.Debug|x86.ActiveCfg = Debug|x86
		{D9274B47-0F2E-4FF1-87FA-C75C37AD772D}.Debug|x86.Build.0 = Debug|x86
		{D9274B47-0F2E-4FF1-87FA-C75C37AD772D}.Release|Any CPU.ActiveCfg = Release|x86
		{D9274B47-0F2E-4FF1-87FA-C75C37AD772D}.Release|x64.ActiveCfg = Release|x64
		{D9274B47-0F2E-4FF1-87FA-C75C37AD772D}.Release|x64.Build.0 = Release|x64
		{D9274B47-0F2E-4FF1-87FA-C75C37AD772D}.Release|x86.ActiveCfg = Release|x86
		{D9274B47-0F2E-4FF1-87FA-C75C37AD772D}.Release|x86.Build.0 = Release|x86
		{84166F89-1CD5-4BA7-AF52-89BFA53CE108}.Debug|Any CPU.ActiveCfg = Debug|Any CPU
		{84166F89-1CD5-4BA7-AF52-89BFA53CE108}.Debug|Any CPU.Build.0 = Debug|Any CPU
		{84166F89-1CD5-4BA7-AF52-89BFA53CE108}.Debug|x64.ActiveCfg = Debug|Any CPU
		{84166F89-1CD5-4BA7-AF52-89BFA53CE108}.Debug|x64.Build.0 = Debug|Any CPU
		{84166F89-1CD5-4BA7-AF52-89BFA53CE108}.Debug|x86.ActiveCfg = Debug|Any CPU
		{84166F89-1CD5-4BA7-AF52-89BFA53CE108}.Debug|x86.Build.0 = Debug|Any CPU
		{84166F89-1CD5-4BA7-AF52-89BFA53CE108}.Release|Any CPU.ActiveCfg = Release|Any CPU
		{84166F89-1CD5-4BA7-AF52-89BFA53CE108}.Release|Any CPU.Build.0 = Release|Any CPU
		{84166F89-1CD5-4BA7-AF52-89BFA53CE108}.Release|x64.ActiveCfg = Release|Any CPU
		{84166F89-1CD5-4BA7-AF52-89BFA53CE108}.Release|x64.Build.0 = Release|Any CPU
		{84166F89-1CD5-4BA7-AF52-89BFA53CE108}.Release|x86.ActiveCfg = Release|Any CPU
		{84166F89-1CD5-4BA7-AF52-89BFA53CE108}.Release|x86.Build.0 = Release|Any CPU
	EndGlobalSection
	GlobalSection(SolutionProperties) = preSolution
		HideSolutionNode = FALSE
	EndGlobalSection
	GlobalSection(ExtensibilityGlobals) = postSolution
		SolutionGuid = {5BD04E86-CB45-4D17-B8DA-378A91EF6FE4}
	EndGlobalSection
EndGlobal
